
Microsoft Visual Studio Solution File, Format Version 12.00
# Visual Studio Version 16
VisualStudioVersion = 16.0.29025.244
MinimumVisualStudioVersion = 10.0.40219.1
Project("{9A19103F-16F7-4668-BE54-9A1E7A4F7556}") = "Data", "Data\Data.csproj", "{8E368883-B4E7-4956-A2F0-D4876B231A43}"
EndProject
Project("{2150E333-8FDC-42A3-9474-1A3956D46DE8}") = "Solution Items", "Solution Items", "{FCEB9202-572D-4EEB-802E-00BF250F73CF}"
	ProjectSection(SolutionItems) = preProject
		LICENSE.md = LICENSE.md
		README.md = README.md
	EndProjectSection
EndProject
Global
	GlobalSection(SolutionConfigurationPlatforms) = preSolution
		Debug|Any CPU = Debug|Any CPU
		Release|Any CPU = Release|Any CPU
	EndGlobalSection
	GlobalSection(ProjectConfigurationPlatforms) = postSolution
		{8E368883-B4E7-4956-A2F0-D4876B231A43}.Debug|Any CPU.ActiveCfg = Debug|Any CPU
		{8E368883-B4E7-4956-A2F0-D4876B231A43}.Debug|Any CPU.Build.0 = Debug|Any CPU
		{8E368883-B4E7-4956-A2F0-D4876B231A43}.Release|Any CPU.ActiveCfg = Release|Any CPU
		{8E368883-B4E7-4956-A2F0-D4876B231A43}.Release|Any CPU.Build.0 = Release|Any CPU
	EndGlobalSection
	GlobalSection(SolutionProperties) = preSolution
		HideSolutionNode = FALSE
	EndGlobalSection
	GlobalSection(ExtensibilityGlobals) = postSolution
		SolutionGuid = {906C511B-375C-48D8-B239-7921C442A7FA}
	EndGlobalSection
EndGlobal
